
Microsoft Visual Studio Solution File, Format Version 12.00
# Visual Studio Version 17
VisualStudioVersion = 17.5.33516.290
MinimumVisualStudioVersion = 10.0.40219.1
Project("{FAE04EC0-301F-11D3-BF4B-00C04F79EFBC}") = "IsTakip.WebAPI", "IsTakip.API\IsTakip.WebAPI.csproj", "{DFA2DCA5-3EB4-4F9C-AFE5-21FBE8FDE739}"
EndProject
Project("{FAE04EC0-301F-11D3-BF4B-00C04F79EFBC}") = "IsTakip.Core", "IsTakip.Core\IsTakip.Core.csproj", "{EE6AA6EE-E625-4371-986A-1706106E4C3D}"
EndProject
Project("{FAE04EC0-301F-11D3-BF4B-00C04F79EFBC}") = "IsTakip.Service", "IsTakip.Service\IsTakip.Service.csproj", "{1DE7C787-EDC7-41F5-B321-378BE6E093A9}"
EndProject
Project("{FAE04EC0-301F-11D3-BF4B-00C04F79EFBC}") = "IsTakip.Data", "IsTakip.Data\IsTakip.Data.csproj", "{C868B6F3-E396-4489-A7C8-53D6241F391C}"
EndProject
Project("{FAE04EC0-301F-11D3-BF4B-00C04F79EFBC}") = "IsTakip.WebUI", "IsTakip.WebUI\IsTakip.WebUI.csproj", "{19A7A206-7B4D-4BAA-B2E3-D05184B07344}"
EndProject
Global
	GlobalSection(SolutionConfigurationPlatforms) = preSolution
		Debug|Any CPU = Debug|Any CPU
		Release|Any CPU = Release|Any CPU
	EndGlobalSection
	GlobalSection(ProjectConfigurationPlatforms) = postSolution
		{DFA2DCA5-3EB4-4F9C-AFE5-21FBE8FDE739}.Debug|Any CPU.ActiveCfg = Debug|Any CPU
		{DFA2DCA5-3EB4-4F9C-AFE5-21FBE8FDE739}.Debug|Any CPU.Build.0 = Debug|Any CPU
		{DFA2DCA5-3EB4-4F9C-AFE5-21FBE8FDE739}.Release|Any CPU.ActiveCfg = Release|Any CPU
		{DFA2DCA5-3EB4-4F9C-AFE5-21FBE8FDE739}.Release|Any CPU.Build.0 = Release|Any CPU
		{EE6AA6EE-E625-4371-986A-1706106E4C3D}.Debug|Any CPU.ActiveCfg = Debug|Any CPU
		{EE6AA6EE-E625-4371-986A-1706106E4C3D}.Debug|Any CPU.Build.0 = Debug|Any CPU
		{EE6AA6EE-E625-4371-986A-1706106E4C3D}.Release|Any CPU.ActiveCfg = Release|Any CPU
		{EE6AA6EE-E625-4371-986A-1706106E4C3D}.Release|Any CPU.Build.0 = Release|Any CPU
		{1DE7C787-EDC7-41F5-B321-378BE6E093A9}.Debug|Any CPU.ActiveCfg = Debug|Any CPU
		{1DE7C787-EDC7-41F5-B321-378BE6E093A9}.Debug|Any CPU.Build.0 = Debug|Any CPU
		{1DE7C787-EDC7-41F5-B321-378BE6E093A9}.Release|Any CPU.ActiveCfg = Release|Any CPU
		{1DE7C787-EDC7-41F5-B321-378BE6E093A9}.Release|Any CPU.Build.0 = Release|Any CPU
		{C868B6F3-E396-4489-A7C8-53D6241F391C}.Debug|Any CPU.ActiveCfg = Debug|Any CPU
		{C868B6F3-E396-4489-A7C8-53D6241F391C}.Debug|Any CPU.Build.0 = Debug|Any CPU
		{C868B6F3-E396-4489-A7C8-53D6241F391C}.Release|Any CPU.ActiveCfg = Release|Any CPU
		{C868B6F3-E396-4489-A7C8-53D6241F391C}.Release|Any CPU.Build.0 = Release|Any CPU
		{19A7A206-7B4D-4BAA-B2E3-D05184B07344}.Debug|Any CPU.ActiveCfg = Debug|Any CPU
		{19A7A206-7B4D-4BAA-B2E3-D05184B07344}.Debug|Any CPU.Build.0 = Debug|Any CPU
		{19A7A206-7B4D-4BAA-B2E3-D05184B07344}.Release|Any CPU.ActiveCfg = Release|Any CPU
		{19A7A206-7B4D-4BAA-B2E3-D05184B07344}.Release|Any CPU.Build.0 = Release|Any CPU
	EndGlobalSection
	GlobalSection(SolutionProperties) = preSolution
		HideSolutionNode = FALSE
	EndGlobalSection
	GlobalSection(ExtensibilityGlobals) = postSolution
		SolutionGuid = {DDC26ACA-12E9-4E7F-8291-BD30377E85BF}
	EndGlobalSection
EndGlobal
